// !$*UTF8*$!
{
	archiveVersion = 1;
	classes = {
	};
	objectVersion = 50;
	objects = {

/* Begin PBXBuildFile section */
		0B19E6DF21589330005895DF /* AppDelegate.swift in Sources */ = {isa = PBXBuildFile; fileRef = 0B19E6DE21589330005895DF /* AppDelegate.swift */; };
		0B19E6E121589330005895DF /* ViewController.swift in Sources */ = {isa = PBXBuildFile; fileRef = 0B19E6E021589330005895DF /* ViewController.swift */; };
		0B19E6E421589330005895DF /* Main.storyboard in Resources */ = {isa = PBXBuildFile; fileRef = 0B19E6E221589330005895DF /* Main.storyboard */; };
		0B19E6E621589333005895DF /* Assets.xcassets in Resources */ = {isa = PBXBuildFile; fileRef = 0B19E6E521589333005895DF /* Assets.xcassets */; };
		0B19E6E921589333005895DF /* LaunchScreen.storyboard in Resources */ = {isa = PBXBuildFile; fileRef = 0B19E6E721589333005895DF /* LaunchScreen.storyboard */; };
		0B19E6F421589333005895DF /* ParseChatTests.swift in Sources */ = {isa = PBXBuildFile; fileRef = 0B19E6F321589333005895DF /* ParseChatTests.swift */; };
		0B19E6FF21589333005895DF /* ParseChatUITests.swift in Sources */ = {isa = PBXBuildFile; fileRef = 0B19E6FE21589333005895DF /* ParseChatUITests.swift */; };
		0B19E70D21589659005895DF /* LoginViewController.swift in Sources */ = {isa = PBXBuildFile; fileRef = 0B19E70C21589659005895DF /* LoginViewController.swift */; };
		0B530B512159D6D70016BCED /* ChatViewController.swift in Sources */ = {isa = PBXBuildFile; fileRef = 0B530B502159D6D70016BCED /* ChatViewController.swift */; };
		0B530B542159DEC20016BCED /* ChatCell.swift in Sources */ = {isa = PBXBuildFile; fileRef = 0B530B532159DEC20016BCED /* ChatCell.swift */; };
		4052061B8F603BC6451D09BD /* Pods_ParseChatUITests.framework in Frameworks */ = {isa = PBXBuildFile; fileRef = BE067E7F89803D4563D6740B /* Pods_ParseChatUITests.framework */; };
		7801EFE4328EC633599C4B03 /* Pods_ParseChatTests.framework in Frameworks */ = {isa = PBXBuildFile; fileRef = 1A2FD7715DBB4490C28D22A3 /* Pods_ParseChatTests.framework */; };
		AC562085B0DF724EB1FBA690 /* Pods_ParseChat.framework in Frameworks */ = {isa = PBXBuildFile; fileRef = 8EC8EA753B8AC47F0755CECF /* Pods_ParseChat.framework */; };
/* End PBXBuildFile section */

/* Begin PBXContainerItemProxy section */
		0B19E6F021589333005895DF /* PBXContainerItemProxy */ = {
			isa = PBXContainerItemProxy;
			containerPortal = 0B19E6D321589330005895DF /* Project object */;
			proxyType = 1;
			remoteGlobalIDString = 0B19E6DA21589330005895DF;
			remoteInfo = ParseChat;
		};
		0B19E6FB21589333005895DF /* PBXContainerItemProxy */ = {
			isa = PBXContainerItemProxy;
			containerPortal = 0B19E6D321589330005895DF /* Project object */;
			proxyType = 1;
			remoteGlobalIDString = 0B19E6DA21589330005895DF;
			remoteInfo = ParseChat;
		};
/* End PBXContainerItemProxy section */

/* Begin PBXFileReference section */
		0B19E6DB21589330005895DF /* ParseChat.app */ = {isa = PBXFileReference; explicitFileType = wrapper.application; includeInIndex = 0; path = ParseChat.app; sourceTree = BUILT_PRODUCTS_DIR; };
		0B19E6DE21589330005895DF /* AppDelegate.swift */ = {isa = PBXFileReference; lastKnownFileType = sourcecode.swift; path = AppDelegate.swift; sourceTree = "<group>"; };
		0B19E6E021589330005895DF /* ViewController.swift */ = {isa = PBXFileReference; lastKnownFileType = sourcecode.swift; path = ViewController.swift; sourceTree = "<group>"; };
		0B19E6E321589330005895DF /* Base */ = {isa = PBXFileReference; lastKnownFileType = file.storyboard; name = Base; path = Base.lproj/Main.storyboard; sourceTree = "<group>"; };
		0B19E6E521589333005895DF /* Assets.xcassets */ = {isa = PBXFileReference; lastKnownFileType = folder.assetcatalog; path = Assets.xcassets; sourceTree = "<group>"; };
		0B19E6E821589333005895DF /* Base */ = {isa = PBXFileReference; lastKnownFileType = file.storyboard; name = Base; path = Base.lproj/LaunchScreen.storyboard; sourceTree = "<group>"; };
		0B19E6EA21589333005895DF /* Info.plist */ = {isa = PBXFileReference; lastKnownFileType = text.plist.xml; path = Info.plist; sourceTree = "<group>"; };
		0B19E6EF21589333005895DF /* ParseChatTests.xctest */ = {isa = PBXFileReference; explicitFileType = wrapper.cfbundle; includeInIndex = 0; path = ParseChatTests.xctest; sourceTree = BUILT_PRODUCTS_DIR; };
		0B19E6F321589333005895DF /* ParseChatTests.swift */ = {isa = PBXFileReference; lastKnownFileType = sourcecode.swift; path = ParseChatTests.swift; sourceTree = "<group>"; };
		0B19E6F521589333005895DF /* Info.plist */ = {isa = PBXFileReference; lastKnownFileType = text.plist.xml; path = Info.plist; sourceTree = "<group>"; };
		0B19E6FA21589333005895DF /* ParseChatUITests.xctest */ = {isa = PBXFileReference; explicitFileType = wrapper.cfbundle; includeInIndex = 0; path = ParseChatUITests.xctest; sourceTree = BUILT_PRODUCTS_DIR; };
		0B19E6FE21589333005895DF /* ParseChatUITests.swift */ = {isa = PBXFileReference; lastKnownFileType = sourcecode.swift; path = ParseChatUITests.swift; sourceTree = "<group>"; };
		0B19E70021589333005895DF /* Info.plist */ = {isa = PBXFileReference; lastKnownFileType = text.plist.xml; path = Info.plist; sourceTree = "<group>"; };
		0B19E70C21589659005895DF /* LoginViewController.swift */ = {isa = PBXFileReference; lastKnownFileType = sourcecode.swift; path = LoginViewController.swift; sourceTree = "<group>"; };
		0B530B502159D6D70016BCED /* ChatViewController.swift */ = {isa = PBXFileReference; lastKnownFileType = sourcecode.swift; path = ChatViewController.swift; sourceTree = "<group>"; };
		0B530B532159DEC20016BCED /* ChatCell.swift */ = {isa = PBXFileReference; lastKnownFileType = sourcecode.swift; path = ChatCell.swift; sourceTree = "<group>"; };
		1A2FD7715DBB4490C28D22A3 /* Pods_ParseChatTests.framework */ = {isa = PBXFileReference; explicitFileType = wrapper.framework; includeInIndex = 0; path = Pods_ParseChatTests.framework; sourceTree = BUILT_PRODUCTS_DIR; };
		53A1D122BABA54B6FE172BC0 /* Pods-ParseChat.release.xcconfig */ = {isa = PBXFileReference; includeInIndex = 1; lastKnownFileType = text.xcconfig; name = "Pods-ParseChat.release.xcconfig"; path = "Pods/Target Support Files/Pods-ParseChat/Pods-ParseChat.release.xcconfig"; sourceTree = "<group>"; };
		8EC8EA753B8AC47F0755CECF /* Pods_ParseChat.framework */ = {isa = PBXFileReference; explicitFileType = wrapper.framework; includeInIndex = 0; path = Pods_ParseChat.framework; sourceTree = BUILT_PRODUCTS_DIR; };
		8ED9AB2559DF35CC7C675214 /* Pods-ParseChatUITests.release.xcconfig */ = {isa = PBXFileReference; includeInIndex = 1; lastKnownFileType = text.xcconfig; name = "Pods-ParseChatUITests.release.xcconfig"; path = "Pods/Target Support Files/Pods-ParseChatUITests/Pods-ParseChatUITests.release.xcconfig"; sourceTree = "<group>"; };
		91842AC133E6274C9248646B /* Pods-ParseChatUITests.debug.xcconfig */ = {isa = PBXFileReference; includeInIndex = 1; lastKnownFileType = text.xcconfig; name = "Pods-ParseChatUITests.debug.xcconfig"; path = "Pods/Target Support Files/Pods-ParseChatUITests/Pods-ParseChatUITests.debug.xcconfig"; sourceTree = "<group>"; };
		BE067E7F89803D4563D6740B /* Pods_ParseChatUITests.framework */ = {isa = PBXFileReference; explicitFileType = wrapper.framework; includeInIndex = 0; path = Pods_ParseChatUITests.framework; sourceTree = BUILT_PRODUCTS_DIR; };
		DF37C942FCBDC12DC72862C5 /* Pods-ParseChatTests.debug.xcconfig */ = {isa = PBXFileReference; includeInIndex = 1; lastKnownFileType = text.xcconfig; name = "Pods-ParseChatTests.debug.xcconfig"; path = "Pods/Target Support Files/Pods-ParseChatTests/Pods-ParseChatTests.debug.xcconfig"; sourceTree = "<group>"; };
		EA2118D1BDFB56A4ED39EE89 /* Pods-ParseChat.debug.xcconfig */ = {isa = PBXFileReference; includeInIndex = 1; lastKnownFileType = text.xcconfig; name = "Pods-ParseChat.debug.xcconfig"; path = "Pods/Target Support Files/Pods-ParseChat/Pods-ParseChat.debug.xcconfig"; sourceTree = "<group>"; };
		FE9713895E4FC55A95FC87AC /* Pods-ParseChatTests.release.xcconfig */ = {isa = PBXFileReference; includeInIndex = 1; lastKnownFileType = text.xcconfig; name = "Pods-ParseChatTests.release.xcconfig"; path = "Pods/Target Support Files/Pods-ParseChatTests/Pods-ParseChatTests.release.xcconfig"; sourceTree = "<group>"; };
/* End PBXFileReference section */

/* Begin PBXFrameworksBuildPhase section */
		0B19E6D821589330005895DF /* Frameworks */ = {
			isa = PBXFrameworksBuildPhase;
			buildActionMask = 2147483647;
			files = (
				AC562085B0DF724EB1FBA690 /* Pods_ParseChat.framework in Frameworks */,
			);
			runOnlyForDeploymentPostprocessing = 0;
		};
		0B19E6EC21589333005895DF /* Frameworks */ = {
			isa = PBXFrameworksBuildPhase;
			buildActionMask = 2147483647;
			files = (
				7801EFE4328EC633599C4B03 /* Pods_ParseChatTests.framework in Frameworks */,
			);
			runOnlyForDeploymentPostprocessing = 0;
		};
		0B19E6F721589333005895DF /* Frameworks */ = {
			isa = PBXFrameworksBuildPhase;
			buildActionMask = 2147483647;
			files = (
				4052061B8F603BC6451D09BD /* Pods_ParseChatUITests.framework in Frameworks */,
			);
			runOnlyForDeploymentPostprocessing = 0;
		};
/* End PBXFrameworksBuildPhase section */

/* Begin PBXGroup section */
		0B19E6D221589330005895DF = {
			isa = PBXGroup;
			children = (
				0B19E6DD21589330005895DF /* ParseChat */,
				0B19E6F221589333005895DF /* ParseChatTests */,
				0B19E6FD21589333005895DF /* ParseChatUITests */,
				0B19E6DC21589330005895DF /* Products */,
				1A8F8458DDD817B4E8F1F2D7 /* Pods */,
				7AB9D519B9A5770307852ECD /* Frameworks */,
			);
			sourceTree = "<group>";
		};
		0B19E6DC21589330005895DF /* Products */ = {
			isa = PBXGroup;
			children = (
				0B19E6DB21589330005895DF /* ParseChat.app */,
				0B19E6EF21589333005895DF /* ParseChatTests.xctest */,
				0B19E6FA21589333005895DF /* ParseChatUITests.xctest */,
			);
			name = Products;
			sourceTree = "<group>";
		};
		0B19E6DD21589330005895DF /* ParseChat */ = {
			isa = PBXGroup;
			children = (
				0B530B522159DEAB0016BCED /* Views */,
				0B19E70E21589660005895DF /* ViewController */,
				0B19E6DE21589330005895DF /* AppDelegate.swift */,
				0B19E6E021589330005895DF /* ViewController.swift */,
				0B19E6E221589330005895DF /* Main.storyboard */,
				0B19E6E521589333005895DF /* Assets.xcassets */,
				0B19E6E721589333005895DF /* LaunchScreen.storyboard */,
				0B19E6EA21589333005895DF /* Info.plist */,
			);
			path = ParseChat;
			sourceTree = "<group>";
		};
		0B19E6F221589333005895DF /* ParseChatTests */ = {
			isa = PBXGroup;
			children = (
				0B19E6F321589333005895DF /* ParseChatTests.swift */,
				0B19E6F521589333005895DF /* Info.plist */,
			);
			path = ParseChatTests;
			sourceTree = "<group>";
		};
		0B19E6FD21589333005895DF /* ParseChatUITests */ = {
			isa = PBXGroup;
			children = (
				0B19E6FE21589333005895DF /* ParseChatUITests.swift */,
				0B19E70021589333005895DF /* Info.plist */,
			);
			path = ParseChatUITests;
			sourceTree = "<group>";
		};
		0B19E70E21589660005895DF /* ViewController */ = {
			isa = PBXGroup;
			children = (
				0B19E70C21589659005895DF /* LoginViewController.swift */,
				0B530B502159D6D70016BCED /* ChatViewController.swift */,
			);
			path = ViewController;
			sourceTree = "<group>";
		};
		0B530B522159DEAB0016BCED /* Views */ = {
			isa = PBXGroup;
			children = (
				0B530B532159DEC20016BCED /* ChatCell.swift */,
			);
			path = Views;
			sourceTree = "<group>";
		};
		1A8F8458DDD817B4E8F1F2D7 /* Pods */ = {
			isa = PBXGroup;
			children = (
				EA2118D1BDFB56A4ED39EE89 /* Pods-ParseChat.debug.xcconfig */,
				53A1D122BABA54B6FE172BC0 /* Pods-ParseChat.release.xcconfig */,
				DF37C942FCBDC12DC72862C5 /* Pods-ParseChatTests.debug.xcconfig */,
				FE9713895E4FC55A95FC87AC /* Pods-ParseChatTests.release.xcconfig */,
				91842AC133E6274C9248646B /* Pods-ParseChatUITests.debug.xcconfig */,
				8ED9AB2559DF35CC7C675214 /* Pods-ParseChatUITests.release.xcconfig */,
			);
			name = Pods;
			sourceTree = "<group>";
		};
		7AB9D519B9A5770307852ECD /* Frameworks */ = {
			isa = PBXGroup;
			children = (
				8EC8EA753B8AC47F0755CECF /* Pods_ParseChat.framework */,
				1A2FD7715DBB4490C28D22A3 /* Pods_ParseChatTests.framework */,
				BE067E7F89803D4563D6740B /* Pods_ParseChatUITests.framework */,
			);
			name = Frameworks;
			sourceTree = "<group>";
		};
/* End PBXGroup section */

/* Begin PBXNativeTarget section */
		0B19E6DA21589330005895DF /* ParseChat */ = {
			isa = PBXNativeTarget;
			buildConfigurationList = 0B19E70321589333005895DF /* Build configuration list for PBXNativeTarget "ParseChat" */;
			buildPhases = (
				8E9F66BAF2ED068B10C9CC03 /* [CP] Check Pods Manifest.lock */,
				0B19E6D721589330005895DF /* Sources */,
				0B19E6D821589330005895DF /* Frameworks */,
				0B19E6D921589330005895DF /* Resources */,
				E9C304D10BD8CC972DBC579D /* [CP] Embed Pods Frameworks */,
			);
			buildRules = (
			);
			dependencies = (
			);
			name = ParseChat;
			productName = ParseChat;
			productReference = 0B19E6DB21589330005895DF /* ParseChat.app */;
			productType = "com.apple.product-type.application";
		};
		0B19E6EE21589333005895DF /* ParseChatTests */ = {
			isa = PBXNativeTarget;
			buildConfigurationList = 0B19E70621589333005895DF /* Build configuration list for PBXNativeTarget "ParseChatTests" */;
			buildPhases = (
				B4C68C514AF7C693E8016C57 /* [CP] Check Pods Manifest.lock */,
				0B19E6EB21589333005895DF /* Sources */,
				0B19E6EC21589333005895DF /* Frameworks */,
				0B19E6ED21589333005895DF /* Resources */,
			);
			buildRules = (
			);
			dependencies = (
				0B19E6F121589333005895DF /* PBXTargetDependency */,
			);
			name = ParseChatTests;
			productName = ParseChatTests;
			productReference = 0B19E6EF21589333005895DF /* ParseChatTests.xctest */;
			productType = "com.apple.product-type.bundle.unit-test";
		};
		0B19E6F921589333005895DF /* ParseChatUITests */ = {
			isa = PBXNativeTarget;
			buildConfigurationList = 0B19E70921589333005895DF /* Build configuration list for PBXNativeTarget "ParseChatUITests" */;
			buildPhases = (
				553B859BA719C1DC54BEF6D3 /* [CP] Check Pods Manifest.lock */,
				0B19E6F621589333005895DF /* Sources */,
				0B19E6F721589333005895DF /* Frameworks */,
				0B19E6F821589333005895DF /* Resources */,
			);
			buildRules = (
			);
			dependencies = (
				0B19E6FC21589333005895DF /* PBXTargetDependency */,
			);
			name = ParseChatUITests;
			productName = ParseChatUITests;
			productReference = 0B19E6FA21589333005895DF /* ParseChatUITests.xctest */;
			productType = "com.apple.product-type.bundle.ui-testing";
		};
/* End PBXNativeTarget section */

/* Begin PBXProject section */
		0B19E6D321589330005895DF /* Project object */ = {
			isa = PBXProject;
			attributes = {
				LastSwiftUpdateCheck = 0940;
				LastUpgradeCheck = 0940;
				ORGANIZATIONNAME = "XiaoQian Huang";
				TargetAttributes = {
					0B19E6DA21589330005895DF = {
						CreatedOnToolsVersion = 9.4.1;
					};
					0B19E6EE21589333005895DF = {
						CreatedOnToolsVersion = 9.4.1;
						TestTargetID = 0B19E6DA21589330005895DF;
					};
					0B19E6F921589333005895DF = {
						CreatedOnToolsVersion = 9.4.1;
						TestTargetID = 0B19E6DA21589330005895DF;
					};
				};
			};
			buildConfigurationList = 0B19E6D621589330005895DF /* Build configuration list for PBXProject "ParseChat" */;
			compatibilityVersion = "Xcode 9.3";
			developmentRegion = en;
			hasScannedForEncodings = 0;
			knownRegions = (
				en,
				Base,
			);
			mainGroup = 0B19E6D221589330005895DF;
			productRefGroup = 0B19E6DC21589330005895DF /* Products */;
			projectDirPath = "";
			projectRoot = "";
			targets = (
				0B19E6DA21589330005895DF /* ParseChat */,
				0B19E6EE21589333005895DF /* ParseChatTests */,
				0B19E6F921589333005895DF /* ParseChatUITests */,
			);
		};
/* End PBXProject section */

/* Begin PBXResourcesBuildPhase section */
		0B19E6D921589330005895DF /* Resources */ = {
			isa = PBXResourcesBuildPhase;
			buildActionMask = 2147483647;
			files = (
				0B19E6E921589333005895DF /* LaunchScreen.storyboard in Resources */,
				0B19E6E621589333005895DF /* Assets.xcassets in Resources */,
				0B19E6E421589330005895DF /* Main.storyboard in Resources */,
			);
			runOnlyForDeploymentPostprocessing = 0;
		};
		0B19E6ED21589333005895DF /* Resources */ = {
			isa = PBXResourcesBuildPhase;
			buildActionMask = 2147483647;
			files = (
			);
			runOnlyForDeploymentPostprocessing = 0;
		};
		0B19E6F821589333005895DF /* Resources */ = {
			isa = PBXResourcesBuildPhase;
			buildActionMask = 2147483647;
			files = (
			);
			runOnlyForDeploymentPostprocessing = 0;
		};
/* End PBXResourcesBuildPhase section */

/* Begin PBXShellScriptBuildPhase section */
		553B859BA719C1DC54BEF6D3 /* [CP] Check Pods Manifest.lock */ = {
			isa = PBXShellScriptBuildPhase;
			buildActionMask = 2147483647;
			files = (
			);
			inputPaths = (
				"${PODS_PODFILE_DIR_PATH}/Podfile.lock",
				"${PODS_ROOT}/Manifest.lock",
			);
			name = "[CP] Check Pods Manifest.lock";
			outputPaths = (
				"$(DERIVED_FILE_DIR)/Pods-ParseChatUITests-checkManifestLockResult.txt",
			);
			runOnlyForDeploymentPostprocessing = 0;
			shellPath = /bin/sh;
			shellScript = "diff \"${PODS_PODFILE_DIR_PATH}/Podfile.lock\" \"${PODS_ROOT}/Manifest.lock\" > /dev/null\nif [ $? != 0 ] ; then\n    # print error to STDERR\n    echo \"error: The sandbox is not in sync with the Podfile.lock. Run 'pod install' or update your CocoaPods installation.\" >&2\n    exit 1\nfi\n# This output is used by Xcode 'outputs' to avoid re-running this script phase.\necho \"SUCCESS\" > \"${SCRIPT_OUTPUT_FILE_0}\"\n";
			showEnvVarsInLog = 0;
		};
		8E9F66BAF2ED068B10C9CC03 /* [CP] Check Pods Manifest.lock */ = {
			isa = PBXShellScriptBuildPhase;
			buildActionMask = 2147483647;
			files = (
			);
			inputPaths = (
				"${PODS_PODFILE_DIR_PATH}/Podfile.lock",
				"${PODS_ROOT}/Manifest.lock",
			);
			name = "[CP] Check Pods Manifest.lock";
			outputPaths = (
				"$(DERIVED_FILE_DIR)/Pods-ParseChat-checkManifestLockResult.txt",
			);
			runOnlyForDeploymentPostprocessing = 0;
			shellPath = /bin/sh;
			shellScript = "diff \"${PODS_PODFILE_DIR_PATH}/Podfile.lock\" \"${PODS_ROOT}/Manifest.lock\" > /dev/null\nif [ $? != 0 ] ; then\n    # print error to STDERR\n    echo \"error: The sandbox is not in sync with the Podfile.lock. Run 'pod install' or update your CocoaPods installation.\" >&2\n    exit 1\nfi\n# This output is used by Xcode 'outputs' to avoid re-running this script phase.\necho \"SUCCESS\" > \"${SCRIPT_OUTPUT_FILE_0}\"\n";
			showEnvVarsInLog = 0;
		};
		B4C68C514AF7C693E8016C57 /* [CP] Check Pods Manifest.lock */ = {
			isa = PBXShellScriptBuildPhase;
			buildActionMask = 2147483647;
			files = (
			);
			inputPaths = (
				"${PODS_PODFILE_DIR_PATH}/Podfile.lock",
				"${PODS_ROOT}/Manifest.lock",
			);
			name = "[CP] Check Pods Manifest.lock";
			outputPaths = (
				"$(DERIVED_FILE_DIR)/Pods-ParseChatTests-checkManifestLockResult.txt",
			);
			runOnlyForDeploymentPostprocessing = 0;
			shellPath = /bin/sh;
			shellScript = "diff \"${PODS_PODFILE_DIR_PATH}/Podfile.lock\" \"${PODS_ROOT}/Manifest.lock\" > /dev/null\nif [ $? != 0 ] ; then\n    # print error to STDERR\n    echo \"error: The sandbox is not in sync with the Podfile.lock. Run 'pod install' or update your CocoaPods installation.\" >&2\n    exit 1\nfi\n# This output is used by Xcode 'outputs' to avoid re-running this script phase.\necho \"SUCCESS\" > \"${SCRIPT_OUTPUT_FILE_0}\"\n";
			showEnvVarsInLog = 0;
		};
		E9C304D10BD8CC972DBC579D /* [CP] Embed Pods Frameworks */ = {
			isa = PBXShellScriptBuildPhase;
			buildActionMask = 2147483647;
			files = (
			);
			inputPaths = (
				"${SRCROOT}/Pods/Target Support Files/Pods-ParseChat/Pods-ParseChat-frameworks.sh",
				"${BUILT_PRODUCTS_DIR}/Bolts/Bolts.framework",
				"${BUILT_PRODUCTS_DIR}/Parse/Parse.framework",
			);
			name = "[CP] Embed Pods Frameworks";
			outputPaths = (
				"${TARGET_BUILD_DIR}/${FRAMEWORKS_FOLDER_PATH}/Bolts.framework",
				"${TARGET_BUILD_DIR}/${FRAMEWORKS_FOLDER_PATH}/Parse.framework",
			);
			runOnlyForDeploymentPostprocessing = 0;
			shellPath = /bin/sh;
			shellScript = "\"${SRCROOT}/Pods/Target Support Files/Pods-ParseChat/Pods-ParseChat-frameworks.sh\"\n";
			showEnvVarsInLog = 0;
		};
/* End PBXShellScriptBuildPhase section */

/* Begin PBXSourcesBuildPhase section */
		0B19E6D721589330005895DF /* Sources */ = {
			isa = PBXSourcesBuildPhase;
			buildActionMask = 2147483647;
			files = (
				0B19E70D21589659005895DF /* LoginViewController.swift in Sources */,
				0B19E6E121589330005895DF /* ViewController.swift in Sources */,
				0B530B512159D6D70016BCED /* ChatViewController.swift in Sources */,
				0B530B542159DEC20016BCED /* ChatCell.swift in Sources */,
				0B19E6DF21589330005895DF /* AppDelegate.swift in Sources */,
			);
			runOnlyForDeploymentPostprocessing = 0;
		};
		0B19E6EB21589333005895DF /* Sources */ = {
			isa = PBXSourcesBuildPhase;
			buildActionMask = 2147483647;
			files = (
				0B19E6F421589333005895DF /* ParseChatTests.swift in Sources */,
			);
			runOnlyForDeploymentPostprocessing = 0;
		};
		0B19E6F621589333005895DF /* Sources */ = {
			isa = PBXSourcesBuildPhase;
			buildActionMask = 2147483647;
			files = (
				0B19E6FF21589333005895DF /* ParseChatUITests.swift in Sources */,
			);
			runOnlyForDeploymentPostprocessing = 0;
		};
/* End PBXSourcesBuildPhase section */

/* Begin PBXTargetDependency section */
		0B19E6F121589333005895DF /* PBXTargetDependency */ = {
			isa = PBXTargetDependency;
			target = 0B19E6DA21589330005895DF /* ParseChat */;
			targetProxy = 0B19E6F021589333005895DF /* PBXContainerItemProxy */;
		};
		0B19E6FC21589333005895DF /* PBXTargetDependency */ = {
			isa = PBXTargetDependency;
			target = 0B19E6DA21589330005895DF /* ParseChat */;
			targetProxy = 0B19E6FB21589333005895DF /* PBXContainerItemProxy */;
		};
/* End PBXTargetDependency section */

/* Begin PBXVariantGroup section */
		0B19E6E221589330005895DF /* Main.storyboard */ = {
			isa = PBXVariantGroup;
			children = (
				0B19E6E321589330005895DF /* Base */,
			);
			name = Main.storyboard;
			sourceTree = "<group>";
		};
		0B19E6E721589333005895DF /* LaunchScreen.storyboard */ = {
			isa = PBXVariantGroup;
			children = (
				0B19E6E821589333005895DF /* Base */,
			);
			name = LaunchScreen.storyboard;
			sourceTree = "<group>";
		};
/* End PBXVariantGroup section */

/* Begin XCBuildConfiguration section */
		0B19E70121589333005895DF /* Debug */ = {
			isa = XCBuildConfiguration;
			buildSettings = {
				ALWAYS_SEARCH_USER_PATHS = NO;
				CLANG_ANALYZER_NONNULL = YES;
				CLANG_ANALYZER_NUMBER_OBJECT_CONVERSION = YES_AGGRESSIVE;
				CLANG_CXX_LANGUAGE_STANDARD = "gnu++14";
				CLANG_CXX_LIBRARY = "libc++";
				CLANG_ENABLE_MODULES = YES;
				CLANG_ENABLE_OBJC_ARC = YES;
				CLANG_ENABLE_OBJC_WEAK = YES;
				CLANG_WARN_BLOCK_CAPTURE_AUTORELEASING = YES;
				CLANG_WARN_BOOL_CONVERSION = YES;
				CLANG_WARN_COMMA = YES;
				CLANG_WARN_CONSTANT_CONVERSION = YES;
				CLANG_WARN_DEPRECATED_OBJC_IMPLEMENTATIONS = YES;
				CLANG_WARN_DIRECT_OBJC_ISA_USAGE = YES_ERROR;
				CLANG_WARN_DOCUMENTATION_COMMENTS = YES;
				CLANG_WARN_EMPTY_BODY = YES;
				CLANG_WARN_ENUM_CONVERSION = YES;
				CLANG_WARN_INFINITE_RECURSION = YES;
				CLANG_WARN_INT_CONVERSION = YES;
				CLANG_WARN_NON_LITERAL_NULL_CONVERSION = YES;
				CLANG_WARN_OBJC_IMPLICIT_RETAIN_SELF = YES;
				CLANG_WARN_OBJC_LITERAL_CONVERSION = YES;
				CLANG_WARN_OBJC_ROOT_CLASS = YES_ERROR;
				CLANG_WARN_RANGE_LOOP_ANALYSIS = YES;
				CLANG_WARN_STRICT_PROTOTYPES = YES;
				CLANG_WARN_SUSPICIOUS_MOVE = YES;
				CLANG_WARN_UNGUARDED_AVAILABILITY = YES_AGGRESSIVE;
				CLANG_WARN_UNREACHABLE_CODE = YES;
				CLANG_WARN__DUPLICATE_METHOD_MATCH = YES;
				CODE_SIGN_IDENTITY = "iPhone Developer";
				COPY_PHASE_STRIP = NO;
				DEBUG_INFORMATION_FORMAT = dwarf;
				ENABLE_STRICT_OBJC_MSGSEND = YES;
				ENABLE_TESTABILITY = YES;
				GCC_C_LANGUAGE_STANDARD = gnu11;
				GCC_DYNAMIC_NO_PIC = NO;
				GCC_NO_COMMON_BLOCKS = YES;
				GCC_OPTIMIZATION_LEVEL = 0;
				GCC_PREPROCESSOR_DEFINITIONS = (
					"DEBUG=1",
					"$(inherited)",
				);
				GCC_WARN_64_TO_32_BIT_CONVERSION = YES;
				GCC_WARN_ABOUT_RETURN_TYPE = YES_ERROR;
				GCC_WARN_UNDECLARED_SELECTOR = YES;
				GCC_WARN_UNINITIALIZED_AUTOS = YES_AGGRESSIVE;
				GCC_WARN_UNUSED_FUNCTION = YES;
				GCC_WARN_UNUSED_VARIABLE = YES;
				IPHONEOS_DEPLOYMENT_TARGET = 11.4;
				MTL_ENABLE_DEBUG_INFO = YES;
				ONLY_ACTIVE_ARCH = YES;
				SDKROOT = iphoneos;
				SWIFT_ACTIVE_COMPILATION_CONDITIONS = DEBUG;
				SWIFT_OPTIMIZATION_LEVEL = "-Onone";
			};
			name = Debug;
		};
		0B19E70221589333005895DF /* Release */ = {
			isa = XCBuildConfiguration;
			buildSettings = {
				ALWAYS_SEARCH_USER_PATHS = NO;
				CLANG_ANALYZER_NONNULL = YES;
				CLANG_ANALYZER_NUMBER_OBJECT_CONVERSION = YES_AGGRESSIVE;
				CLANG_CXX_LANGUAGE_STANDARD = "gnu++14";
				CLANG_CXX_LIBRARY = "libc++";
				CLANG_ENABLE_MODULES = YES;
				CLANG_ENABLE_OBJC_ARC = YES;
				CLANG_ENABLE_OBJC_WEAK = YES;
				CLANG_WARN_BLOCK_CAPTURE_AUTORELEASING = YES;
				CLANG_WARN_BOOL_CONVERSION = YES;
				CLANG_WARN_COMMA = YES;
				CLANG_WARN_CONSTANT_CONVERSION = YES;
				CLANG_WARN_DEPRECATED_OBJC_IMPLEMENTATIONS = YES;
				CLANG_WARN_DIRECT_OBJC_ISA_USAGE = YES_ERROR;
				CLANG_WARN_DOCUMENTATION_COMMENTS = YES;
				CLANG_WARN_EMPTY_BODY = YES;
				CLANG_WARN_ENUM_CONVERSION = YES;
				CLANG_WARN_INFINITE_RECURSION = YES;
				CLANG_WARN_INT_CONVERSION = YES;
				CLANG_WARN_NON_LITERAL_NULL_CONVERSION = YES;
				CLANG_WARN_OBJC_IMPLICIT_RETAIN_SELF = YES;
				CLANG_WARN_OBJC_LITERAL_CONVERSION = YES;
				CLANG_WARN_OBJC_ROOT_CLASS = YES_ERROR;
				CLANG_WARN_RANGE_LOOP_ANALYSIS = YES;
				CLANG_WARN_STRICT_PROTOTYPES = YES;
				CLANG_WARN_SUSPICIOUS_MOVE = YES;
				CLANG_WARN_UNGUARDED_AVAILABILITY = YES_AGGRESSIVE;
				CLANG_WARN_UNREACHABLE_CODE = YES;
				CLANG_WARN__DUPLICATE_METHOD_MATCH = YES;
				CODE_SIGN_IDENTITY = "iPhone Developer";
				COPY_PHASE_STRIP = NO;
				DEBUG_INFORMATION_FORMAT = "dwarf-with-dsym";
				ENABLE_NS_ASSERTIONS = NO;
				ENABLE_STRICT_OBJC_MSGSEND = YES;
				GCC_C_LANGUAGE_STANDARD = gnu11;
				GCC_NO_COMMON_BLOCKS = YES;
				GCC_WARN_64_TO_32_BIT_CONVERSION = YES;
				GCC_WARN_ABOUT_RETURN_TYPE = YES_ERROR;
				GCC_WARN_UNDECLARED_SELECTOR = YES;
				GCC_WARN_UNINITIALIZED_AUTOS = YES_AGGRESSIVE;
				GCC_WARN_UNUSED_FUNCTION = YES;
				GCC_WARN_UNUSED_VARIABLE = YES;
				IPHONEOS_DEPLOYMENT_TARGET = 11.4;
				MTL_ENABLE_DEBUG_INFO = NO;
				SDKROOT = iphoneos;
				SWIFT_COMPILATION_MODE = wholemodule;
				SWIFT_OPTIMIZATION_LEVEL = "-O";
				VALIDATE_PRODUCT = YES;
			};
			name = Release;
		};
		0B19E70421589333005895DF /* Debug */ = {
			isa = XCBuildConfiguration;
			baseConfigurationReference = EA2118D1BDFB56A4ED39EE89 /* Pods-ParseChat.debug.xcconfig */;
			buildSettings = {
				ASSETCATALOG_COMPILER_APPICON_NAME = AppIcon;
				CODE_SIGN_STYLE = Automatic;
				DEVELOPMENT_TEAM = 47S482397A;
				INFOPLIST_FILE = ParseChat/Info.plist;
				LD_RUNPATH_SEARCH_PATHS = (
					"$(inherited)",
					"@executable_path/Frameworks",
				);
				PRODUCT_BUNDLE_IDENTIFIER = "com.xiaoqian-Huang.ParseChat";
				PRODUCT_NAME = "$(TARGET_NAME)";
				SWIFT_VERSION = 4.0;
				TARGETED_DEVICE_FAMILY = "1,2";
			};
			name = Debug;
		};
		0B19E70521589333005895DF /* Release */ = {
			isa = XCBuildConfiguration;
			baseConfigurationReference = 53A1D122BABA54B6FE172BC0 /* Pods-ParseChat.release.xcconfig */;
			buildSettings = {
				ASSETCATALOG_COMPILER_APPICON_NAME = AppIcon;
				CODE_SIGN_STYLE = Automatic;
				DEVELOPMENT_TEAM = 47S482397A;
				INFOPLIST_FILE = ParseChat/Info.plist;
				LD_RUNPATH_SEARCH_PATHS = (
					"$(inherited)",
					"@executable_path/Frameworks",
				);
				PRODUCT_BUNDLE_IDENTIFIER = "com.xiaoqian-Huang.ParseChat";
				PRODUCT_NAME = "$(TARGET_NAME)";
				SWIFT_VERSION = 4.0;
				TARGETED_DEVICE_FAMILY = "1,2";
			};
			name = Release;
		};
		0B19E70721589333005895DF /* Debug */ = {
			isa = XCBuildConfiguration;
			baseConfigurationReference = DF37C942FCBDC12DC72862C5 /* Pods-ParseChatTests.debug.xcconfig */;
			buildSettings = {
				ALWAYS_EMBED_SWIFT_STANDARD_LIBRARIES = YES;
				BUNDLE_LOADER = "$(TEST_HOST)";
				CODE_SIGN_STYLE = Automatic;
				DEVELOPMENT_TEAM = 47S482397A;
				INFOPLIST_FILE = ParseChatTests/Info.plist;
				LD_RUNPATH_SEARCH_PATHS = (
					"$(inherited)",
					"@executable_path/Frameworks",
					"@loader_path/Frameworks",
				);
				PRODUCT_BUNDLE_IDENTIFIER = "com.xiaoqian-Huang.ParseChatTests";
				PRODUCT_NAME = "$(TARGET_NAME)";
				SWIFT_VERSION = 4.0;
				TARGETED_DEVICE_FAMILY = "1,2";
				TEST_HOST = "$(BUILT_PRODUCTS_DIR)/ParseChat.app/ParseChat";
			};
			name = Debug;
		};
		0B19E70821589333005895DF /* Release */ = {
			isa = XCBuildConfiguration;
			baseConfigurationReference = FE9713895E4FC55A95FC87AC /* Pods-ParseChatTests.release.xcconfig */;
			buildSettings = {
				ALWAYS_EMBED_SWIFT_STANDARD_LIBRARIES = YES;
				BUNDLE_LOADER = "$(TEST_HOST)";
				CODE_SIGN_STYLE = Automatic;
				DEVELOPMENT_TEAM = 47S482397A;
				INFOPLIST_FILE = ParseChatTests/Info.plist;
				LD_RUNPATH_SEARCH_PATHS = (
					"$(inherited)",
					"@executable_path/Frameworks",
					"@loader_path/Frameworks",
				);
				PRODUCT_BUNDLE_IDENTIFIER = "com.xiaoqian-Huang.ParseChatTests";
				PRODUCT_NAME = "$(TARGET_NAME)";
				SWIFT_VERSION = 4.0;
				TARGETED_DEVICE_FAMILY = "1,2";
				TEST_HOST = "$(BUILT_PRODUCTS_DIR)/ParseChat.app/ParseChat";
			};
			name = Release;
		};
		0B19E70A21589333005895DF /* Debug */ = {
			isa = XCBuildConfiguration;
			baseConfigurationReference = 91842AC133E6274C9248646B /* Pods-ParseChatUITests.debug.xcconfig */;
			buildSettings = {
				ALWAYS_EMBED_SWIFT_STANDARD_LIBRARIES = YES;
				CODE_SIGN_STYLE = Automatic;
				DEVELOPMENT_TEAM = 47S482397A;
				INFOPLIST_FILE = ParseChatUITests/Info.plist;
				LD_RUNPATH_SEARCH_PATHS = (
					"$(inherited)",
					"@executable_path/Frameworks",
					"@loader_path/Frameworks",
				);
				PRODUCT_BUNDLE_IDENTIFIER = "com.xiaoqian-Huang.ParseChatUITests";
				PRODUCT_NAME = "$(TARGET_NAME)";
				SWIFT_VERSION = 4.0;
				TARGETED_DEVICE_FAMILY = "1,2";
				TEST_TARGET_NAME = ParseChat;
			};
			name = Debug;
		};
		0B19E70B21589333005895DF /* Release */ = {
			isa = XCBuildConfiguration;
			baseConfigurationReference = 8ED9AB2559DF35CC7C675214 /* Pods-ParseChatUITests.release.xcconfig */;
			buildSettings = {
				ALWAYS_EMBED_SWIFT_STANDARD_LIBRARIES = YES;
				CODE_SIGN_STYLE = Automatic;
				DEVELOPMENT_TEAM = 47S482397A;
				INFOPLIST_FILE = ParseChatUITests/Info.plist;
				LD_RUNPATH_SEARCH_PATHS = (
					"$(inherited)",
					"@executable_path/Frameworks",
					"@loader_path/Frameworks",
				);
				PRODUCT_BUNDLE_IDENTIFIER = "com.xiaoqian-Huang.ParseChatUITests";
				PRODUCT_NAME = "$(TARGET_NAME)";
				SWIFT_VERSION = 4.0;
				TARGETED_DEVICE_FAMILY = "1,2";
				TEST_TARGET_NAME = ParseChat;
			};
			name = Release;
		};
/* End XCBuildConfiguration section */

/* Begin XCConfigurationList section */
		0B19E6D621589330005895DF /* Build configuration list for PBXProject "ParseChat" */ = {
			isa = XCConfigurationList;
			buildConfigurations = (
				0B19E70121589333005895DF /* Debug */,
				0B19E70221589333005895DF /* Release */,
			);
			defaultConfigurationIsVisible = 0;
			defaultConfigurationName = Release;
		};
		0B19E70321589333005895DF /* Build configuration list for PBXNativeTarget "ParseChat" */ = {
			isa = XCConfigurationList;
			buildConfigurations = (
				0B19E70421589333005895DF /* Debug */,
				0B19E70521589333005895DF /* Release */,
			);
			defaultConfigurationIsVisible = 0;
			defaultConfigurationName = Release;
		};
		0B19E70621589333005895DF /* Build configuration list for PBXNativeTarget "ParseChatTests" */ = {
			isa = XCConfigurationList;
			buildConfigurations = (
				0B19E70721589333005895DF /* Debug */,
				0B19E70821589333005895DF /* Release */,
			);
			defaultConfigurationIsVisible = 0;
			defaultConfigurationName = Release;
		};
		0B19E70921589333005895DF /* Build configuration list for PBXNativeTarget "ParseChatUITests" */ = {
			isa = XCConfigurationList;
			buildConfigurations = (
				0B19E70A21589333005895DF /* Debug */,
				0B19E70B21589333005895DF /* Release */,
			);
			defaultConfigurationIsVisible = 0;
			defaultConfigurationName = Release;
		};
/* End XCConfigurationList section */
	};
	rootObject = 0B19E6D321589330005895DF /* Project object */;
}
